
Microsoft Visual Studio Solution File, Format Version 12.00
# Visual Studio 15
VisualStudioVersion = 15.0.28307.421
MinimumVisualStudioVersion = 10.0.40219.1
Project("{FAE04EC0-301F-11D3-BF4B-00C04F79EFBC}") = "PL", "GlacesProject_1413_5797\PL.csproj", "{A1D71145-BBA4-4817-B380-A1FB010CB151}"
EndProject
Project("{FAE04EC0-301F-11D3-BF4B-00C04F79EFBC}") = "BE", "BE\BE.csproj", "{9BE576C9-E4C7-4119-A6E0-90052E37ABDC}"
EndProject
Project("{FAE04EC0-301F-11D3-BF4B-00C04F79EFBC}") = "DAL", "DAL\DAL.csproj", "{749220B8-EE04-48F4-9375-9C113E9474BD}"
EndProject
Project("{FAE04EC0-301F-11D3-BF4B-00C04F79EFBC}") = "BL", "BL\BL.csproj", "{23164D69-FA96-446E-83B5-C357487A07C4}"
EndProject
Global
	GlobalSection(SolutionConfigurationPlatforms) = preSolution
		Debug|Any CPU = Debug|Any CPU
		Release|Any CPU = Release|Any CPU
	EndGlobalSection
	GlobalSection(ProjectConfigurationPlatforms) = postSolution
		{A1D71145-BBA4-4817-B380-A1FB010CB151}.Debug|Any CPU.ActiveCfg = Debug|Any CPU
		{A1D71145-BBA4-4817-B380-A1FB010CB151}.Debug|Any CPU.Build.0 = Debug|Any CPU
		{A1D71145-BBA4-4817-B380-A1FB010CB151}.Release|Any CPU.ActiveCfg = Release|Any CPU
		{A1D71145-BBA4-4817-B380-A1FB010CB151}.Release|Any CPU.Build.0 = Release|Any CPU
		{9BE576C9-E4C7-4119-A6E0-90052E37ABDC}.Debug|Any CPU.ActiveCfg = Debug|Any CPU
		{9BE576C9-E4C7-4119-A6E0-90052E37ABDC}.Debug|Any CPU.Build.0 = Debug|Any CPU
		{9BE576C9-E4C7-4119-A6E0-90052E37ABDC}.Release|Any CPU.ActiveCfg = Release|Any CPU
		{9BE576C9-E4C7-4119-A6E0-90052E37ABDC}.Release|Any CPU.Build.0 = Release|Any CPU
		{749220B8-EE04-48F4-9375-9C113E9474BD}.Debug|Any CPU.ActiveCfg = Debug|Any CPU
		{749220B8-EE04-48F4-9375-9C113E9474BD}.Debug|Any CPU.Build.0 = Debug|Any CPU
		{749220B8-EE04-48F4-9375-9C113E9474BD}.Release|Any CPU.ActiveCfg = Release|Any CPU
		{749220B8-EE04-48F4-9375-9C113E9474BD}.Release|Any CPU.Build.0 = Release|Any CPU
		{23164D69-FA96-446E-83B5-C357487A07C4}.Debug|Any CPU.ActiveCfg = Debug|Any CPU
		{23164D69-FA96-446E-83B5-C357487A07C4}.Debug|Any CPU.Build.0 = Debug|Any CPU
		{23164D69-FA96-446E-83B5-C357487A07C4}.Release|Any CPU.ActiveCfg = Release|Any CPU
		{23164D69-FA96-446E-83B5-C357487A07C4}.Release|Any CPU.Build.0 = Release|Any CPU
	EndGlobalSection
	GlobalSection(SolutionProperties) = preSolution
		HideSolutionNode = FALSE
	EndGlobalSection
	GlobalSection(ExtensibilityGlobals) = postSolution
		SolutionGuid = {9CD48153-F3DE-4A96-930A-2443E976DE72}
	EndGlobalSection
EndGlobal
